
Microsoft Visual Studio Solution File, Format Version 12.00
# Visual Studio Version 17
VisualStudioVersion = 17.8.34322.80
MinimumVisualStudioVersion = 10.0.40219.1
Project("{FAE04EC0-301F-11D3-BF4B-00C04F79EFBC}") = "0hn0", "0hn0\0hn0.csproj", "{B1CA0D7B-F714-4F15-ABBB-39A50B37D2BB}"
EndProject
Global
	GlobalSection(SolutionConfigurationPlatforms) = preSolution
		Debug|Any CPU = Debug|Any CPU
		Release|Any CPU = Release|Any CPU
	EndGlobalSection
	GlobalSection(ProjectConfigurationPlatforms) = postSolution
		{B1CA0D7B-F714-4F15-ABBB-39A50B37D2BB}.Debug|Any CPU.ActiveCfg = Debug|Any CPU
		{B1CA0D7B-F714-4F15-ABBB-39A50B37D2BB}.Debug|Any CPU.Build.0 = Debug|Any CPU
		{B1CA0D7B-F714-4F15-ABBB-39A50B37D2BB}.Release|Any CPU.ActiveCfg = Release|Any CPU
		{B1CA0D7B-F714-4F15-ABBB-39A50B37D2BB}.Release|Any CPU.Build.0 = Release|Any CPU
	EndGlobalSection
	GlobalSection(SolutionProperties) = preSolution
		HideSolutionNode = FALSE
	EndGlobalSection
	GlobalSection(ExtensibilityGlobals) = postSolution
		SolutionGuid = {82E80E43-2609-4C0B-96F7-74E87BCEFA99}
	EndGlobalSection
EndGlobal
